
Microsoft Visual Studio Solution File, Format Version 12.00
# Visual Studio Version 16
VisualStudioVersion = 16.0.30330.147
MinimumVisualStudioVersion = 10.0.40219.1
Project("{FAE04EC0-301F-11D3-BF4B-00C04F79EFBC}") = "ClassicalGuitarAPI", "ClassicalGuitarAPI\ClassicalGuitarAPI.csproj", "{5203A440-17C1-48FE-8B22-E2E855D73AB3}"
EndProject
Global
	GlobalSection(SolutionConfigurationPlatforms) = preSolution
		Debug|Any CPU = Debug|Any CPU
		Release|Any CPU = Release|Any CPU
	EndGlobalSection
	GlobalSection(ProjectConfigurationPlatforms) = postSolution
		{5203A440-17C1-48FE-8B22-E2E855D73AB3}.Debug|Any CPU.ActiveCfg = Debug|Any CPU
		{5203A440-17C1-48FE-8B22-E2E855D73AB3}.Debug|Any CPU.Build.0 = Debug|Any CPU
		{5203A440-17C1-48FE-8B22-E2E855D73AB3}.Release|Any CPU.ActiveCfg = Release|Any CPU
		{5203A440-17C1-48FE-8B22-E2E855D73AB3}.Release|Any CPU.Build.0 = Release|Any CPU
	EndGlobalSection
	GlobalSection(SolutionProperties) = preSolution
		HideSolutionNode = FALSE
	EndGlobalSection
	GlobalSection(ExtensibilityGlobals) = postSolution
		SolutionGuid = {254A944C-E9BA-4F92-965A-4C1C87854FF9}
	EndGlobalSection
EndGlobal
